
Microsoft Visual Studio Solution File, Format Version 12.00
# Visual Studio Version 17
VisualStudioVersion = 17.6.33815.320
MinimumVisualStudioVersion = 10.0.40219.1
Project("{888888A0-9F3D-457C-B088-3A5042F75D52}") = "String Abbreviation Match", "String Abbreviation Match\String Abbreviation Match.pyproj", "{EAE6FB2D-9CC2-4C37-845A-0822087190E1}"
EndProject
Global
	GlobalSection(SolutionConfigurationPlatforms) = preSolution
		Debug|Any CPU = Debug|Any CPU
		Release|Any CPU = Release|Any CPU
	EndGlobalSection
	GlobalSection(ProjectConfigurationPlatforms) = postSolution
		{EAE6FB2D-9CC2-4C37-845A-0822087190E1}.Debug|Any CPU.ActiveCfg = Debug|Any CPU
		{EAE6FB2D-9CC2-4C37-845A-0822087190E1}.Release|Any CPU.ActiveCfg = Release|Any CPU
	EndGlobalSection
	GlobalSection(SolutionProperties) = preSolution
		HideSolutionNode = FALSE
	EndGlobalSection
	GlobalSection(ExtensibilityGlobals) = postSolution
		SolutionGuid = {7574EFAF-192A-460E-BF83-83548E4F6053}
	EndGlobalSection
EndGlobal
