
Microsoft Visual Studio Solution File, Format Version 12.00
# Visual Studio Version 17
VisualStudioVersion = 17.6.33815.320
MinimumVisualStudioVersion = 10.0.40219.1
Project("{888888A0-9F3D-457C-B088-3A5042F75D52}") = "Elements with Lower Magnitude Succeeding Values", "Elements with Lower Magnitude Succeeding Values\Elements with Lower Magnitude Succeeding Values.pyproj", "{6F66CCB6-126B-4598-907F-C841FC5B4749}"
EndProject
Global
	GlobalSection(SolutionConfigurationPlatforms) = preSolution
		Debug|Any CPU = Debug|Any CPU
		Release|Any CPU = Release|Any CPU
	EndGlobalSection
	GlobalSection(ProjectConfigurationPlatforms) = postSolution
		{6F66CCB6-126B-4598-907F-C841FC5B4749}.Debug|Any CPU.ActiveCfg = Debug|Any CPU
		{6F66CCB6-126B-4598-907F-C841FC5B4749}.Release|Any CPU.ActiveCfg = Release|Any CPU
	EndGlobalSection
	GlobalSection(SolutionProperties) = preSolution
		HideSolutionNode = FALSE
	EndGlobalSection
	GlobalSection(ExtensibilityGlobals) = postSolution
		SolutionGuid = {C260BE15-6B06-4309-8F81-D2B48691C361}
	EndGlobalSection
EndGlobal
