
Microsoft Visual Studio Solution File, Format Version 12.00
# Visual Studio Version 17
VisualStudioVersion = 17.6.33815.320
MinimumVisualStudioVersion = 10.0.40219.1
Project("{888888A0-9F3D-457C-B088-3A5042F75D52}") = "Maximum Modulo Sum", "Maximum Modulo Sum\Maximum Modulo Sum.pyproj", "{C17B2BB4-7441-4F6F-86AE-7606CFF428BA}"
EndProject
Global
	GlobalSection(SolutionConfigurationPlatforms) = preSolution
		Debug|Any CPU = Debug|Any CPU
		Release|Any CPU = Release|Any CPU
	EndGlobalSection
	GlobalSection(ProjectConfigurationPlatforms) = postSolution
		{C17B2BB4-7441-4F6F-86AE-7606CFF428BA}.Debug|Any CPU.ActiveCfg = Debug|Any CPU
		{C17B2BB4-7441-4F6F-86AE-7606CFF428BA}.Release|Any CPU.ActiveCfg = Release|Any CPU
	EndGlobalSection
	GlobalSection(SolutionProperties) = preSolution
		HideSolutionNode = FALSE
	EndGlobalSection
	GlobalSection(ExtensibilityGlobals) = postSolution
		SolutionGuid = {8A247C91-AB9C-4566-9E23-2D31225C01E7}
	EndGlobalSection
EndGlobal
