
Microsoft Visual Studio Solution File, Format Version 12.00
# Visual Studio Version 17
VisualStudioVersion = 17.6.33815.320
MinimumVisualStudioVersion = 10.0.40219.1
Project("{888888A0-9F3D-457C-B088-3A5042F75D52}") = "Substring from main String", "Substring from main String\Substring from main String.pyproj", "{67478E7E-1699-4091-B581-E0A9BD1A3927}"
EndProject
Global
	GlobalSection(SolutionConfigurationPlatforms) = preSolution
		Debug|Any CPU = Debug|Any CPU
		Release|Any CPU = Release|Any CPU
	EndGlobalSection
	GlobalSection(ProjectConfigurationPlatforms) = postSolution
		{67478E7E-1699-4091-B581-E0A9BD1A3927}.Debug|Any CPU.ActiveCfg = Debug|Any CPU
		{67478E7E-1699-4091-B581-E0A9BD1A3927}.Release|Any CPU.ActiveCfg = Release|Any CPU
	EndGlobalSection
	GlobalSection(SolutionProperties) = preSolution
		HideSolutionNode = FALSE
	EndGlobalSection
	GlobalSection(ExtensibilityGlobals) = postSolution
		SolutionGuid = {46D5D4BE-6CE8-4DD4-805C-7EADAB88DA74}
	EndGlobalSection
EndGlobal
