
Microsoft Visual Studio Solution File, Format Version 12.00
# Visual Studio Version 17
VisualStudioVersion = 17.6.33815.320
MinimumVisualStudioVersion = 10.0.40219.1
Project("{888888A0-9F3D-457C-B088-3A5042F75D52}") = "Minimum Deletions for two String Anagram", "Minimum Deletions for two String Anagram\Minimum Deletions for two String Anagram.pyproj", "{04D43B2C-FA5F-472D-9DDE-F265A0AE50FC}"
EndProject
Global
	GlobalSection(SolutionConfigurationPlatforms) = preSolution
		Debug|Any CPU = Debug|Any CPU
		Release|Any CPU = Release|Any CPU
	EndGlobalSection
	GlobalSection(ProjectConfigurationPlatforms) = postSolution
		{04D43B2C-FA5F-472D-9DDE-F265A0AE50FC}.Debug|Any CPU.ActiveCfg = Debug|Any CPU
		{04D43B2C-FA5F-472D-9DDE-F265A0AE50FC}.Release|Any CPU.ActiveCfg = Release|Any CPU
	EndGlobalSection
	GlobalSection(SolutionProperties) = preSolution
		HideSolutionNode = FALSE
	EndGlobalSection
	GlobalSection(ExtensibilityGlobals) = postSolution
		SolutionGuid = {45ADFD26-D7EA-4E62-8CA5-31979E7992FD}
	EndGlobalSection
EndGlobal
