
Microsoft Visual Studio Solution File, Format Version 12.00
# Visual Studio Version 17
VisualStudioVersion = 17.6.33815.320
MinimumVisualStudioVersion = 10.0.40219.1
Project("{888888A0-9F3D-457C-B088-3A5042F75D52}") = "Alternating Characters", "Alternating Characters\Alternating Characters.pyproj", "{A418F093-F1F1-4879-92DE-4A8E12C183F0}"
EndProject
Global
	GlobalSection(SolutionConfigurationPlatforms) = preSolution
		Debug|Any CPU = Debug|Any CPU
		Release|Any CPU = Release|Any CPU
	EndGlobalSection
	GlobalSection(ProjectConfigurationPlatforms) = postSolution
		{A418F093-F1F1-4879-92DE-4A8E12C183F0}.Debug|Any CPU.ActiveCfg = Debug|Any CPU
		{A418F093-F1F1-4879-92DE-4A8E12C183F0}.Release|Any CPU.ActiveCfg = Release|Any CPU
	EndGlobalSection
	GlobalSection(SolutionProperties) = preSolution
		HideSolutionNode = FALSE
	EndGlobalSection
	GlobalSection(ExtensibilityGlobals) = postSolution
		SolutionGuid = {A154DF9B-3EDF-40D6-A3AC-9F435EC03DBF}
	EndGlobalSection
EndGlobal
