
Microsoft Visual Studio Solution File, Format Version 12.00
# Visual Studio Version 17
VisualStudioVersion = 17.6.33815.320
MinimumVisualStudioVersion = 10.0.40219.1
Project("{888888A0-9F3D-457C-B088-3A5042F75D52}") = "Insert a Doubly Linked List with maintaining Sort", "Insert a Doubly Linked List with maintaining Sort\Insert a Doubly Linked List with maintaining Sort.pyproj", "{55536581-E618-474B-B60D-1C7EBA7F9626}"
EndProject
Global
	GlobalSection(SolutionConfigurationPlatforms) = preSolution
		Debug|Any CPU = Debug|Any CPU
		Release|Any CPU = Release|Any CPU
	EndGlobalSection
	GlobalSection(ProjectConfigurationPlatforms) = postSolution
		{55536581-E618-474B-B60D-1C7EBA7F9626}.Debug|Any CPU.ActiveCfg = Debug|Any CPU
		{55536581-E618-474B-B60D-1C7EBA7F9626}.Release|Any CPU.ActiveCfg = Release|Any CPU
	EndGlobalSection
	GlobalSection(SolutionProperties) = preSolution
		HideSolutionNode = FALSE
	EndGlobalSection
	GlobalSection(ExtensibilityGlobals) = postSolution
		SolutionGuid = {F391826D-1E9C-4A21-A3FA-1B2B769EA877}
	EndGlobalSection
EndGlobal
