
Microsoft Visual Studio Solution File, Format Version 12.00
# Visual Studio Version 17
VisualStudioVersion = 17.6.33815.320
MinimumVisualStudioVersion = 10.0.40219.1
Project("{888888A0-9F3D-457C-B088-3A5042F75D52}") = "Bank Alert Frequency", "Bank Alert Frequency\Bank Alert Frequency.pyproj", "{AB8D9AB3-22BA-4F55-93A1-7C4882D7C907}"
EndProject
Global
	GlobalSection(SolutionConfigurationPlatforms) = preSolution
		Debug|Any CPU = Debug|Any CPU
		Release|Any CPU = Release|Any CPU
	EndGlobalSection
	GlobalSection(ProjectConfigurationPlatforms) = postSolution
		{AB8D9AB3-22BA-4F55-93A1-7C4882D7C907}.Debug|Any CPU.ActiveCfg = Debug|Any CPU
		{AB8D9AB3-22BA-4F55-93A1-7C4882D7C907}.Release|Any CPU.ActiveCfg = Release|Any CPU
	EndGlobalSection
	GlobalSection(SolutionProperties) = preSolution
		HideSolutionNode = FALSE
	EndGlobalSection
	GlobalSection(ExtensibilityGlobals) = postSolution
		SolutionGuid = {B07819B9-1B9E-46B2-A0D3-4D3A3F73BF90}
	EndGlobalSection
EndGlobal
