
Microsoft Visual Studio Solution File, Format Version 12.00
# Visual Studio Version 17
VisualStudioVersion = 17.6.33815.320
MinimumVisualStudioVersion = 10.0.40219.1
Project("{888888A0-9F3D-457C-B088-3A5042F75D52}") = "Hop Game", "Hop Game\Hop Game.pyproj", "{EC1F92DD-5287-4115-9C5E-203D8EC3C917}"
EndProject
Global
	GlobalSection(SolutionConfigurationPlatforms) = preSolution
		Debug|Any CPU = Debug|Any CPU
		Release|Any CPU = Release|Any CPU
	EndGlobalSection
	GlobalSection(ProjectConfigurationPlatforms) = postSolution
		{EC1F92DD-5287-4115-9C5E-203D8EC3C917}.Debug|Any CPU.ActiveCfg = Debug|Any CPU
		{EC1F92DD-5287-4115-9C5E-203D8EC3C917}.Release|Any CPU.ActiveCfg = Release|Any CPU
	EndGlobalSection
	GlobalSection(SolutionProperties) = preSolution
		HideSolutionNode = FALSE
	EndGlobalSection
	GlobalSection(ExtensibilityGlobals) = postSolution
		SolutionGuid = {F8A8F0DB-739C-4A90-B322-A9844BA3B505}
	EndGlobalSection
EndGlobal
