
Microsoft Visual Studio Solution File, Format Version 12.00
# Visual Studio Version 17
VisualStudioVersion = 17.6.33815.320
MinimumVisualStudioVersion = 10.0.40219.1
Project("{888888A0-9F3D-457C-B088-3A5042F75D52}") = "Maximum Values of a Range of Minimum Sets", "Maximum Values of a Range of Minimum Sets\Maximum Values of a Range of Minimum Sets.pyproj", "{E7AEAD1C-1836-4D4F-8118-A50668055D02}"
EndProject
Global
	GlobalSection(SolutionConfigurationPlatforms) = preSolution
		Debug|Any CPU = Debug|Any CPU
		Release|Any CPU = Release|Any CPU
	EndGlobalSection
	GlobalSection(ProjectConfigurationPlatforms) = postSolution
		{E7AEAD1C-1836-4D4F-8118-A50668055D02}.Debug|Any CPU.ActiveCfg = Debug|Any CPU
		{E7AEAD1C-1836-4D4F-8118-A50668055D02}.Release|Any CPU.ActiveCfg = Release|Any CPU
	EndGlobalSection
	GlobalSection(SolutionProperties) = preSolution
		HideSolutionNode = FALSE
	EndGlobalSection
	GlobalSection(ExtensibilityGlobals) = postSolution
		SolutionGuid = {16E66260-D305-462B-AB69-0F5669B10BBB}
	EndGlobalSection
EndGlobal
