
Microsoft Visual Studio Solution File, Format Version 12.00
# Visual Studio Version 17
VisualStudioVersion = 17.6.33815.320
MinimumVisualStudioVersion = 10.0.40219.1
Project("{888888A0-9F3D-457C-B088-3A5042F75D52}") = "Difference Pair", "Difference Pair\Difference Pair.pyproj", "{1B458A11-E2AB-476E-887B-FD70EC572C71}"
EndProject
Global
	GlobalSection(SolutionConfigurationPlatforms) = preSolution
		Debug|Any CPU = Debug|Any CPU
		Release|Any CPU = Release|Any CPU
	EndGlobalSection
	GlobalSection(ProjectConfigurationPlatforms) = postSolution
		{1B458A11-E2AB-476E-887B-FD70EC572C71}.Debug|Any CPU.ActiveCfg = Debug|Any CPU
		{1B458A11-E2AB-476E-887B-FD70EC572C71}.Release|Any CPU.ActiveCfg = Release|Any CPU
	EndGlobalSection
	GlobalSection(SolutionProperties) = preSolution
		HideSolutionNode = FALSE
	EndGlobalSection
	GlobalSection(ExtensibilityGlobals) = postSolution
		SolutionGuid = {275DF602-F40B-433B-93A4-C9E1D48511A0}
	EndGlobalSection
EndGlobal
