
Microsoft Visual Studio Solution File, Format Version 12.00
# Visual Studio Version 17
VisualStudioVersion = 17.6.33815.320
MinimumVisualStudioVersion = 10.0.40219.1
Project("{888888A0-9F3D-457C-B088-3A5042F75D52}") = "Valid String", "Valid String\Valid String.pyproj", "{06FC54BC-33BD-4AC1-AAD3-EBFBF1C6D0D2}"
EndProject
Global
	GlobalSection(SolutionConfigurationPlatforms) = preSolution
		Debug|Any CPU = Debug|Any CPU
		Release|Any CPU = Release|Any CPU
	EndGlobalSection
	GlobalSection(ProjectConfigurationPlatforms) = postSolution
		{06FC54BC-33BD-4AC1-AAD3-EBFBF1C6D0D2}.Debug|Any CPU.ActiveCfg = Debug|Any CPU
		{06FC54BC-33BD-4AC1-AAD3-EBFBF1C6D0D2}.Release|Any CPU.ActiveCfg = Release|Any CPU
	EndGlobalSection
	GlobalSection(SolutionProperties) = preSolution
		HideSolutionNode = FALSE
	EndGlobalSection
	GlobalSection(ExtensibilityGlobals) = postSolution
		SolutionGuid = {0F643DFC-D1F8-45CA-A314-2D69AE912911}
	EndGlobalSection
EndGlobal
